
Microsoft Visual Studio Solution File, Format Version 12.00
# 
Project("{2150E333-8FDC-42A3-9474-1A3956D46DE8}") = "src", "src", "{56FF7FDE-1DFD-4AFD-98AD-83AE26A17178}"
EndProject
Project("{2150E333-8FDC-42A3-9474-1A3956D46DE8}") = "cross", "cross", "{BB74FE27-7A24-42C0-A3D5-C2DC0E25B2C7}"
EndProject
Project("{2150E333-8FDC-42A3-9474-1A3956D46DE8}") = "microservices", "microservices", "{7395582F-7FE3-4F09-ABC7-3F034202AD0E}"
EndProject
Project("{FAE04EC0-301F-11D3-BF4B-00C04F79EFBC}") = "Microservicios.Kaure.Cross.Jwt", "src\cross\Microservicios.Kaure.Cross.Jwt\Microservicios.Kaure.Cross.Jwt.csproj", "{CA5EB953-A5D2-44D0-BBEB-1A7F6104F5D0}"
EndProject
Project("{FAE04EC0-301F-11D3-BF4B-00C04F79EFBC}") = "Microservicios.Kaure.Security", "src\microservices\Microservicios.Kaure.Security\Microservicios.Kaure.Security.csproj", "{79E39FF4-08FB-486F-98C3-530A78002A5A}"
EndProject
Global
	GlobalSection(SolutionConfigurationPlatforms) = preSolution
		Debug|Any CPU = Debug|Any CPU
		Release|Any CPU = Release|Any CPU
	EndGlobalSection
	GlobalSection(NestedProjects) = preSolution
		{BB74FE27-7A24-42C0-A3D5-C2DC0E25B2C7} = {56FF7FDE-1DFD-4AFD-98AD-83AE26A17178}
		{7395582F-7FE3-4F09-ABC7-3F034202AD0E} = {56FF7FDE-1DFD-4AFD-98AD-83AE26A17178}
		{CA5EB953-A5D2-44D0-BBEB-1A7F6104F5D0} = {BB74FE27-7A24-42C0-A3D5-C2DC0E25B2C7}
		{79E39FF4-08FB-486F-98C3-530A78002A5A} = {7395582F-7FE3-4F09-ABC7-3F034202AD0E}
	EndGlobalSection
	GlobalSection(ProjectConfigurationPlatforms) = postSolution
		{CA5EB953-A5D2-44D0-BBEB-1A7F6104F5D0}.Debug|Any CPU.ActiveCfg = Debug|Any CPU
		{CA5EB953-A5D2-44D0-BBEB-1A7F6104F5D0}.Debug|Any CPU.Build.0 = Debug|Any CPU
		{CA5EB953-A5D2-44D0-BBEB-1A7F6104F5D0}.Release|Any CPU.ActiveCfg = Release|Any CPU
		{CA5EB953-A5D2-44D0-BBEB-1A7F6104F5D0}.Release|Any CPU.Build.0 = Release|Any CPU
		{79E39FF4-08FB-486F-98C3-530A78002A5A}.Debug|Any CPU.ActiveCfg = Debug|Any CPU
		{79E39FF4-08FB-486F-98C3-530A78002A5A}.Debug|Any CPU.Build.0 = Debug|Any CPU
		{79E39FF4-08FB-486F-98C3-530A78002A5A}.Release|Any CPU.ActiveCfg = Release|Any CPU
		{79E39FF4-08FB-486F-98C3-530A78002A5A}.Release|Any CPU.Build.0 = Release|Any CPU
	EndGlobalSection
EndGlobal
