
Microsoft Visual Studio Solution File, Format Version 12.00
Project("{2150E333-8FDC-42A3-9474-1A3956D46DE8}") = "Cross", "Cross", "{9BC5FEA6-A0AF-42DD-996E-B0DDE0D20140}"
EndProject
Project("{2150E333-8FDC-42A3-9474-1A3956D46DE8}") = "Projects", "Projects", "{7D6C13EC-A212-4871-995E-BF197BA150B2}"
EndProject
Project("{2150E333-8FDC-42A3-9474-1A3956D46DE8}") = "Gateway", "Gateway", "{FF597F41-182C-4007-974A-2E2C5985D29A}"
EndProject
Project("{2150E333-8FDC-42A3-9474-1A3956D46DE8}") = "Microservices", "Microservices", "{E4B7045A-C3F4-4986-B055-B0AA91252A65}"
EndProject
Project("{2150E333-8FDC-42A3-9474-1A3956D46DE8}") = "1-Security", "1-Security", "{034BC597-0F79-4D1E-9DE8-66E597A82B8E}"
EndProject
Project("{2150E333-8FDC-42A3-9474-1A3956D46DE8}") = "2-Account", "2-Account", "{2080B856-A6B9-490B-BBA5-A534F5A4CC26}"
EndProject
Project("{2150E333-8FDC-42A3-9474-1A3956D46DE8}") = "3-Deposit", "3-Deposit", "{84D63C30-F0D6-48AA-A097-7077CEB01209}"
EndProject
Project("{FAE04EC0-301F-11D3-BF4B-00C04F79EFBC}") = "Microservicios.Kaure.Security", "Projects\1-Security\Microservicios.Kaure.Security\Microservicios.Kaure.Security.csproj", "{A164D450-F522-4EE2-A40C-9754AD68553B}"
EndProject
Project("{2150E333-8FDC-42A3-9474-1A3956D46DE8}") = "4-Wtihdrawal", "4-Wtihdrawal", "{9DACEC93-B480-4633-8A81-F0DA737BEACE}"
EndProject
Project("{2150E333-8FDC-42A3-9474-1A3956D46DE8}") = "5-History", "5-History", "{46E5B741-10FD-4AF0-90D1-128CB1477646}"
EndProject
Project("{2150E333-8FDC-42A3-9474-1A3956D46DE8}") = "6-Notification", "6-Notification", "{2F6A44A7-F486-4386-AA66-30DB621CC5B8}"
EndProject
Project("{FAE04EC0-301F-11D3-BF4B-00C04F79EFBC}") = "Microservicios.Kaure.Cross.Jwt", "Projects\Cross\Microservicios.Kaure.Cross.Jwt\Microservicios.Kaure.Cross.Jwt.csproj", "{0B42CDA3-73FC-44FF-914A-2487A1EE2822}"
EndProject
Global
	GlobalSection(SolutionConfigurationPlatforms) = preSolution
		Debug|Any CPU = Debug|Any CPU
		Release|Any CPU = Release|Any CPU
	EndGlobalSection
	GlobalSection(NestedProjects) = preSolution
		{FF597F41-182C-4007-974A-2E2C5985D29A} = {7D6C13EC-A212-4871-995E-BF197BA150B2}
		{E4B7045A-C3F4-4986-B055-B0AA91252A65} = {7D6C13EC-A212-4871-995E-BF197BA150B2}
		{034BC597-0F79-4D1E-9DE8-66E597A82B8E} = {E4B7045A-C3F4-4986-B055-B0AA91252A65}
		{2080B856-A6B9-490B-BBA5-A534F5A4CC26} = {E4B7045A-C3F4-4986-B055-B0AA91252A65}
		{84D63C30-F0D6-48AA-A097-7077CEB01209} = {E4B7045A-C3F4-4986-B055-B0AA91252A65}
		{A164D450-F522-4EE2-A40C-9754AD68553B} = {034BC597-0F79-4D1E-9DE8-66E597A82B8E}
		{9DACEC93-B480-4633-8A81-F0DA737BEACE} = {E4B7045A-C3F4-4986-B055-B0AA91252A65}
		{46E5B741-10FD-4AF0-90D1-128CB1477646} = {E4B7045A-C3F4-4986-B055-B0AA91252A65}
		{2F6A44A7-F486-4386-AA66-30DB621CC5B8} = {E4B7045A-C3F4-4986-B055-B0AA91252A65}
		{0B42CDA3-73FC-44FF-914A-2487A1EE2822} = {9BC5FEA6-A0AF-42DD-996E-B0DDE0D20140}
	EndGlobalSection
	GlobalSection(ProjectConfigurationPlatforms) = postSolution
		{A164D450-F522-4EE2-A40C-9754AD68553B}.Debug|Any CPU.ActiveCfg = Debug|Any CPU
		{A164D450-F522-4EE2-A40C-9754AD68553B}.Debug|Any CPU.Build.0 = Debug|Any CPU
		{A164D450-F522-4EE2-A40C-9754AD68553B}.Release|Any CPU.ActiveCfg = Release|Any CPU
		{A164D450-F522-4EE2-A40C-9754AD68553B}.Release|Any CPU.Build.0 = Release|Any CPU
		{0B42CDA3-73FC-44FF-914A-2487A1EE2822}.Debug|Any CPU.ActiveCfg = Debug|Any CPU
		{0B42CDA3-73FC-44FF-914A-2487A1EE2822}.Debug|Any CPU.Build.0 = Debug|Any CPU
		{0B42CDA3-73FC-44FF-914A-2487A1EE2822}.Release|Any CPU.ActiveCfg = Release|Any CPU
		{0B42CDA3-73FC-44FF-914A-2487A1EE2822}.Release|Any CPU.Build.0 = Release|Any CPU
	EndGlobalSection
EndGlobal
